
Microsoft Visual Studio Solution File, Format Version 12.00
Project("{FAE04EC0-301F-11D3-BF4B-00C04F79EFBC}") = "MeuPlantao", "MeuPlantao\MeuPlantao.csproj", "{6437250F-A745-4618-88CC-31699E59EF86}"
EndProject
Project("{FAE04EC0-301F-11D3-BF4B-00C04F79EFBC}") = "MeuPlantao.Application", "MeuPlantao.Application\MeuPlantao.Application.csproj", "{420E239C-1797-4395-80BA-F4F49A2A8B9F}"
EndProject
Project("{FAE04EC0-301F-11D3-BF4B-00C04F79EFBC}") = "MeuPlantao.Communication", "MeuPlantao.Communication\MeuPlantao.Communication.csproj", "{7D6BA1C6-122F-4079-BD80-24487F4DDD62}"
EndProject
Project("{FAE04EC0-301F-11D3-BF4B-00C04F79EFBC}") = "MeuPlantao.Domain", "MeuPlantao.Domain\MeuPlantao.Domain.csproj", "{5B7DB08C-EAA8-4154-9853-B31B3768AEDD}"
EndProject
Project("{FAE04EC0-301F-11D3-BF4B-00C04F79EFBC}") = "MeuPlantao.Infrastructure", "MeuPlantao.Infrastructure\MeuPlantao.Infrastructure.csproj", "{DFF8A44A-BCF2-4060-B6DA-AED9C1C8F67C}"
EndProject
Global
	GlobalSection(SolutionConfigurationPlatforms) = preSolution
		Debug|Any CPU = Debug|Any CPU
		Debug|x64 = Debug|x64
		Debug|x86 = Debug|x86
		Release|Any CPU = Release|Any CPU
		Release|x64 = Release|x64
		Release|x86 = Release|x86
	EndGlobalSection
	GlobalSection(ProjectConfigurationPlatforms) = postSolution
		{6437250F-A745-4618-88CC-31699E59EF86}.Debug|Any CPU.ActiveCfg = Debug|Any CPU
		{6437250F-A745-4618-88CC-31699E59EF86}.Debug|Any CPU.Build.0 = Debug|Any CPU
		{6437250F-A745-4618-88CC-31699E59EF86}.Debug|x64.ActiveCfg = Debug|Any CPU
		{6437250F-A745-4618-88CC-31699E59EF86}.Debug|x64.Build.0 = Debug|Any CPU
		{6437250F-A745-4618-88CC-31699E59EF86}.Debug|x86.ActiveCfg = Debug|Any CPU
		{6437250F-A745-4618-88CC-31699E59EF86}.Debug|x86.Build.0 = Debug|Any CPU
		{6437250F-A745-4618-88CC-31699E59EF86}.Release|Any CPU.ActiveCfg = Release|Any CPU
		{6437250F-A745-4618-88CC-31699E59EF86}.Release|Any CPU.Build.0 = Release|Any CPU
		{6437250F-A745-4618-88CC-31699E59EF86}.Release|x64.ActiveCfg = Release|Any CPU
		{6437250F-A745-4618-88CC-31699E59EF86}.Release|x64.Build.0 = Release|Any CPU
		{6437250F-A745-4618-88CC-31699E59EF86}.Release|x86.ActiveCfg = Release|Any CPU
		{6437250F-A745-4618-88CC-31699E59EF86}.Release|x86.Build.0 = Release|Any CPU
		{420E239C-1797-4395-80BA-F4F49A2A8B9F}.Debug|Any CPU.ActiveCfg = Debug|Any CPU
		{420E239C-1797-4395-80BA-F4F49A2A8B9F}.Debug|Any CPU.Build.0 = Debug|Any CPU
		{420E239C-1797-4395-80BA-F4F49A2A8B9F}.Debug|x64.ActiveCfg = Debug|Any CPU
		{420E239C-1797-4395-80BA-F4F49A2A8B9F}.Debug|x64.Build.0 = Debug|Any CPU
		{420E239C-1797-4395-80BA-F4F49A2A8B9F}.Debug|x86.ActiveCfg = Debug|Any CPU
		{420E239C-1797-4395-80BA-F4F49A2A8B9F}.Debug|x86.Build.0 = Debug|Any CPU
		{420E239C-1797-4395-80BA-F4F49A2A8B9F}.Release|Any CPU.ActiveCfg = Release|Any CPU
		{420E239C-1797-4395-80BA-F4F49A2A8B9F}.Release|Any CPU.Build.0 = Release|Any CPU
		{420E239C-1797-4395-80BA-F4F49A2A8B9F}.Release|x64.ActiveCfg = Release|Any CPU
		{420E239C-1797-4395-80BA-F4F49A2A8B9F}.Release|x64.Build.0 = Release|Any CPU
		{420E239C-1797-4395-80BA-F4F49A2A8B9F}.Release|x86.ActiveCfg = Release|Any CPU
		{420E239C-1797-4395-80BA-F4F49A2A8B9F}.Release|x86.Build.0 = Release|Any CPU
		{7D6BA1C6-122F-4079-BD80-24487F4DDD62}.Debug|Any CPU.ActiveCfg = Debug|Any CPU
		{7D6BA1C6-122F-4079-BD80-24487F4DDD62}.Debug|Any CPU.Build.0 = Debug|Any CPU
		{7D6BA1C6-122F-4079-BD80-24487F4DDD62}.Debug|x64.ActiveCfg = Debug|Any CPU
		{7D6BA1C6-122F-4079-BD80-24487F4DDD62}.Debug|x64.Build.0 = Debug|Any CPU
		{7D6BA1C6-122F-4079-BD80-24487F4DDD62}.Debug|x86.ActiveCfg = Debug|Any CPU
		{7D6BA1C6-122F-4079-BD80-24487F4DDD62}.Debug|x86.Build.0 = Debug|Any CPU
		{7D6BA1C6-122F-4079-BD80-24487F4DDD62}.Release|Any CPU.ActiveCfg = Release|Any CPU
		{7D6BA1C6-122F-4079-BD80-24487F4DDD62}.Release|Any CPU.Build.0 = Release|Any CPU
		{7D6BA1C6-122F-4079-BD80-24487F4DDD62}.Release|x64.ActiveCfg = Release|Any CPU
		{7D6BA1C6-122F-4079-BD80-24487F4DDD62}.Release|x64.Build.0 = Release|Any CPU
		{7D6BA1C6-122F-4079-BD80-24487F4DDD62}.Release|x86.ActiveCfg = Release|Any CPU
		{7D6BA1C6-122F-4079-BD80-24487F4DDD62}.Release|x86.Build.0 = Release|Any CPU
		{5B7DB08C-EAA8-4154-9853-B31B3768AEDD}.Debug|Any CPU.ActiveCfg = Debug|Any CPU
		{5B7DB08C-EAA8-4154-9853-B31B3768AEDD}.Debug|Any CPU.Build.0 = Debug|Any CPU
		{5B7DB08C-EAA8-4154-9853-B31B3768AEDD}.Debug|x64.ActiveCfg = Debug|Any CPU
		{5B7DB08C-EAA8-4154-9853-B31B3768AEDD}.Debug|x64.Build.0 = Debug|Any CPU
		{5B7DB08C-EAA8-4154-9853-B31B3768AEDD}.Debug|x86.ActiveCfg = Debug|Any CPU
		{5B7DB08C-EAA8-4154-9853-B31B3768AEDD}.Debug|x86.Build.0 = Debug|Any CPU
		{5B7DB08C-EAA8-4154-9853-B31B3768AEDD}.Release|Any CPU.ActiveCfg = Release|Any CPU
		{5B7DB08C-EAA8-4154-9853-B31B3768AEDD}.Release|Any CPU.Build.0 = Release|Any CPU
		{5B7DB08C-EAA8-4154-9853-B31B3768AEDD}.Release|x64.ActiveCfg = Release|Any CPU
		{5B7DB08C-EAA8-4154-9853-B31B3768AEDD}.Release|x64.Build.0 = Release|Any CPU
		{5B7DB08C-EAA8-4154-9853-B31B3768AEDD}.Release|x86.ActiveCfg = Release|Any CPU
		{5B7DB08C-EAA8-4154-9853-B31B3768AEDD}.Release|x86.Build.0 = Release|Any CPU
		{DFF8A44A-BCF2-4060-B6DA-AED9C1C8F67C}.Debug|Any CPU.ActiveCfg = Debug|Any CPU
		{DFF8A44A-BCF2-4060-B6DA-AED9C1C8F67C}.Debug|Any CPU.Build.0 = Debug|Any CPU
		{DFF8A44A-BCF2-4060-B6DA-AED9C1C8F67C}.Debug|x64.ActiveCfg = Debug|Any CPU
		{DFF8A44A-BCF2-4060-B6DA-AED9C1C8F67C}.Debug|x64.Build.0 = Debug|Any CPU
		{DFF8A44A-BCF2-4060-B6DA-AED9C1C8F67C}.Debug|x86.ActiveCfg = Debug|Any CPU
		{DFF8A44A-BCF2-4060-B6DA-AED9C1C8F67C}.Debug|x86.Build.0 = Debug|Any CPU
		{DFF8A44A-BCF2-4060-B6DA-AED9C1C8F67C}.Release|Any CPU.ActiveCfg = Release|Any CPU
		{DFF8A44A-BCF2-4060-B6DA-AED9C1C8F67C}.Release|Any CPU.Build.0 = Release|Any CPU
		{DFF8A44A-BCF2-4060-B6DA-AED9C1C8F67C}.Release|x64.ActiveCfg = Release|Any CPU
		{DFF8A44A-BCF2-4060-B6DA-AED9C1C8F67C}.Release|x64.Build.0 = Release|Any CPU
		{DFF8A44A-BCF2-4060-B6DA-AED9C1C8F67C}.Release|x86.ActiveCfg = Release|Any CPU
		{DFF8A44A-BCF2-4060-B6DA-AED9C1C8F67C}.Release|x86.Build.0 = Release|Any CPU
	EndGlobalSection
	GlobalSection(SolutionProperties) = preSolution
		HideSolutionNode = FALSE
	EndGlobalSection
EndGlobal
