
Microsoft Visual Studio Solution File, Format Version 12.00
Project("{FAE04EC0-301F-11D3-BF4B-00C04F79EFBC}") = "MeuPlantao", "MeuPlantao\MeuPlantao.csproj", "{6437250F-A745-4618-88CC-31699E59EF86}"
EndProject
Global
	GlobalSection(SolutionConfigurationPlatforms) = preSolution
		Debug|Any CPU = Debug|Any CPU
		Release|Any CPU = Release|Any CPU
	EndGlobalSection
	GlobalSection(ProjectConfigurationPlatforms) = postSolution
		{6437250F-A745-4618-88CC-31699E59EF86}.Debug|Any CPU.ActiveCfg = Debug|Any CPU
		{6437250F-A745-4618-88CC-31699E59EF86}.Debug|Any CPU.Build.0 = Debug|Any CPU
		{6437250F-A745-4618-88CC-31699E59EF86}.Release|Any CPU.ActiveCfg = Release|Any CPU
		{6437250F-A745-4618-88CC-31699E59EF86}.Release|Any CPU.Build.0 = Release|Any CPU
	EndGlobalSection
EndGlobal
